
Microsoft Visual Studio Solution File, Format Version 12.00
# Visual Studio Version 17
VisualStudioVersion = 17.3.32901.215
MinimumVisualStudioVersion = 10.0.40219.1
Project("{FAE04EC0-301F-11D3-BF4B-00C04F79EFBC}") = "mvcRegistrationform", "mvcRegistrationform\mvcRegistrationform.csproj", "{F485C6B3-8DA3-4DDA-9BC2-14384A7DD39C}"
EndProject
Global
	GlobalSection(SolutionConfigurationPlatforms) = preSolution
		Debug|Any CPU = Debug|Any CPU
		Release|Any CPU = Release|Any CPU
	EndGlobalSection
	GlobalSection(ProjectConfigurationPlatforms) = postSolution
		{F485C6B3-8DA3-4DDA-9BC2-14384A7DD39C}.Debug|Any CPU.ActiveCfg = Debug|Any CPU
		{F485C6B3-8DA3-4DDA-9BC2-14384A7DD39C}.Debug|Any CPU.Build.0 = Debug|Any CPU
		{F485C6B3-8DA3-4DDA-9BC2-14384A7DD39C}.Release|Any CPU.ActiveCfg = Release|Any CPU
		{F485C6B3-8DA3-4DDA-9BC2-14384A7DD39C}.Release|Any CPU.Build.0 = Release|Any CPU
	EndGlobalSection
	GlobalSection(SolutionProperties) = preSolution
		HideSolutionNode = FALSE
	EndGlobalSection
	GlobalSection(ExtensibilityGlobals) = postSolution
		SolutionGuid = {3DE00835-ECEE-4A9A-B182-843805F29FCC}
	EndGlobalSection
EndGlobal
